
Microsoft Visual Studio Solution File, Format Version 12.00
# Visual Studio 15
VisualStudioVersion = 15.0.26730.12
MinimumVisualStudioVersion = 10.0.40219.1
Project("{2150E333-8FDC-42A3-9474-1A3956D46DE8}") = "Data", "Data", "{6EB8AA4D-19C2-47C0-A59B-306ECBC03277}"
EndProject
Project("{2150E333-8FDC-42A3-9474-1A3956D46DE8}") = "Logic", "Logic", "{52DB2044-8915-4BF4-88A5-564893E2E3B9}"
EndProject
Project("{2150E333-8FDC-42A3-9474-1A3956D46DE8}") = "Web", "Web", "{41CB7678-60E3-4770-B786-67547051ED5E}"
EndProject
Project("{FAE04EC0-301F-11D3-BF4B-00C04F79EFBC}") = "FS.Common", "FS.Common\FS.Common.csproj", "{903CAD03-D2E9-417C-A66D-A874F4EF3DC2}"
EndProject
Project("{FAE04EC0-301F-11D3-BF4B-00C04F79EFBC}") = "FS.Data", "Data\FS.Data\FS.Data.csproj", "{311D767C-DE9C-48E2-987F-F5C06F7FC12B}"
EndProject
Project("{FAE04EC0-301F-11D3-BF4B-00C04F79EFBC}") = "FS.Data.Models", "Data\FS.Data.Models\FS.Data.Models.csproj", "{234FF588-C02E-4B17-85BE-7CC600A38A6E}"
EndProject
Project("{2150E333-8FDC-42A3-9474-1A3956D46DE8}") = "Tests", "Tests", "{DDEB2854-74A5-48B8-ADE8-7EE81A9EC610}"
EndProject
Project("{FAE04EC0-301F-11D3-BF4B-00C04F79EFBC}") = "FS.Web", "Web\FS.Web\FS.Web.csproj", "{8B0DFDAA-3037-4B05-9377-E8FC7D3431A5}"
EndProject
Global
	GlobalSection(SolutionConfigurationPlatforms) = preSolution
		Debug|Any CPU = Debug|Any CPU
		Release|Any CPU = Release|Any CPU
	EndGlobalSection
	GlobalSection(ProjectConfigurationPlatforms) = postSolution
		{903CAD03-D2E9-417C-A66D-A874F4EF3DC2}.Debug|Any CPU.ActiveCfg = Debug|Any CPU
		{903CAD03-D2E9-417C-A66D-A874F4EF3DC2}.Debug|Any CPU.Build.0 = Debug|Any CPU
		{903CAD03-D2E9-417C-A66D-A874F4EF3DC2}.Release|Any CPU.ActiveCfg = Release|Any CPU
		{903CAD03-D2E9-417C-A66D-A874F4EF3DC2}.Release|Any CPU.Build.0 = Release|Any CPU
		{311D767C-DE9C-48E2-987F-F5C06F7FC12B}.Debug|Any CPU.ActiveCfg = Debug|Any CPU
		{311D767C-DE9C-48E2-987F-F5C06F7FC12B}.Debug|Any CPU.Build.0 = Debug|Any CPU
		{311D767C-DE9C-48E2-987F-F5C06F7FC12B}.Release|Any CPU.ActiveCfg = Release|Any CPU
		{311D767C-DE9C-48E2-987F-F5C06F7FC12B}.Release|Any CPU.Build.0 = Release|Any CPU
		{234FF588-C02E-4B17-85BE-7CC600A38A6E}.Debug|Any CPU.ActiveCfg = Debug|Any CPU
		{234FF588-C02E-4B17-85BE-7CC600A38A6E}.Debug|Any CPU.Build.0 = Debug|Any CPU
		{234FF588-C02E-4B17-85BE-7CC600A38A6E}.Release|Any CPU.ActiveCfg = Release|Any CPU
		{234FF588-C02E-4B17-85BE-7CC600A38A6E}.Release|Any CPU.Build.0 = Release|Any CPU
		{8B0DFDAA-3037-4B05-9377-E8FC7D3431A5}.Debug|Any CPU.ActiveCfg = Debug|Any CPU
		{8B0DFDAA-3037-4B05-9377-E8FC7D3431A5}.Debug|Any CPU.Build.0 = Debug|Any CPU
		{8B0DFDAA-3037-4B05-9377-E8FC7D3431A5}.Release|Any CPU.ActiveCfg = Release|Any CPU
		{8B0DFDAA-3037-4B05-9377-E8FC7D3431A5}.Release|Any CPU.Build.0 = Release|Any CPU
	EndGlobalSection
	GlobalSection(SolutionProperties) = preSolution
		HideSolutionNode = FALSE
	EndGlobalSection
	GlobalSection(NestedProjects) = preSolution
		{311D767C-DE9C-48E2-987F-F5C06F7FC12B} = {6EB8AA4D-19C2-47C0-A59B-306ECBC03277}
		{234FF588-C02E-4B17-85BE-7CC600A38A6E} = {6EB8AA4D-19C2-47C0-A59B-306ECBC03277}
		{8B0DFDAA-3037-4B05-9377-E8FC7D3431A5} = {41CB7678-60E3-4770-B786-67547051ED5E}
	EndGlobalSection
	GlobalSection(ExtensibilityGlobals) = postSolution
		SolutionGuid = {88764237-26AF-40A9-A5F1-8601F92334A0}
	EndGlobalSection
EndGlobal
